
Microsoft Visual Studio Solution File, Format Version 12.00
# Visual Studio 2012
Project("{FAE04EC0-301F-11D3-BF4B-00C04F79EFBC}") = "ICT13580088EndB", "ICT13580088EndB\ICT13580088EndB.csproj", "{2D73FEF2-B9BC-4B2E-A239-88275772B941}"
EndProject
Project("{FAE04EC0-301F-11D3-BF4B-00C04F79EFBC}") = "ICT13580088EndB.iOS", "iOS\ICT13580088EndB.iOS.csproj", "{09F64A6D-6106-45EB-B1DC-2C01DC2D024C}"
EndProject
Global
	GlobalSection(SolutionConfigurationPlatforms) = preSolution
		Debug|Any CPU = Debug|Any CPU
		Release|Any CPU = Release|Any CPU
		Debug|iPhoneSimulator = Debug|iPhoneSimulator
		Release|iPhone = Release|iPhone
		Release|iPhoneSimulator = Release|iPhoneSimulator
		Debug|iPhone = Debug|iPhone
	EndGlobalSection
	GlobalSection(ProjectConfigurationPlatforms) = postSolution
		{2D73FEF2-B9BC-4B2E-A239-88275772B941}.Debug|Any CPU.ActiveCfg = Debug|Any CPU
		{2D73FEF2-B9BC-4B2E-A239-88275772B941}.Debug|Any CPU.Build.0 = Debug|Any CPU
		{2D73FEF2-B9BC-4B2E-A239-88275772B941}.Release|Any CPU.ActiveCfg = Release|Any CPU
		{2D73FEF2-B9BC-4B2E-A239-88275772B941}.Release|Any CPU.Build.0 = Release|Any CPU
		{2D73FEF2-B9BC-4B2E-A239-88275772B941}.Debug|iPhoneSimulator.ActiveCfg = Debug|Any CPU
		{2D73FEF2-B9BC-4B2E-A239-88275772B941}.Debug|iPhoneSimulator.Build.0 = Debug|Any CPU
		{2D73FEF2-B9BC-4B2E-A239-88275772B941}.Release|iPhone.ActiveCfg = Release|Any CPU
		{2D73FEF2-B9BC-4B2E-A239-88275772B941}.Release|iPhone.Build.0 = Release|Any CPU
		{2D73FEF2-B9BC-4B2E-A239-88275772B941}.Release|iPhoneSimulator.ActiveCfg = Release|Any CPU
		{2D73FEF2-B9BC-4B2E-A239-88275772B941}.Release|iPhoneSimulator.Build.0 = Release|Any CPU
		{2D73FEF2-B9BC-4B2E-A239-88275772B941}.Debug|iPhone.ActiveCfg = Debug|Any CPU
		{2D73FEF2-B9BC-4B2E-A239-88275772B941}.Debug|iPhone.Build.0 = Debug|Any CPU
		{09F64A6D-6106-45EB-B1DC-2C01DC2D024C}.Debug|Any CPU.ActiveCfg = Debug|iPhoneSimulator
		{09F64A6D-6106-45EB-B1DC-2C01DC2D024C}.Debug|Any CPU.Build.0 = Debug|iPhoneSimulator
		{09F64A6D-6106-45EB-B1DC-2C01DC2D024C}.Release|Any CPU.ActiveCfg = Release|iPhone
		{09F64A6D-6106-45EB-B1DC-2C01DC2D024C}.Release|Any CPU.Build.0 = Release|iPhone
		{09F64A6D-6106-45EB-B1DC-2C01DC2D024C}.Debug|iPhoneSimulator.ActiveCfg = Debug|iPhoneSimulator
		{09F64A6D-6106-45EB-B1DC-2C01DC2D024C}.Debug|iPhoneSimulator.Build.0 = Debug|iPhoneSimulator
		{09F64A6D-6106-45EB-B1DC-2C01DC2D024C}.Release|iPhone.ActiveCfg = Release|iPhone
		{09F64A6D-6106-45EB-B1DC-2C01DC2D024C}.Release|iPhone.Build.0 = Release|iPhone
		{09F64A6D-6106-45EB-B1DC-2C01DC2D024C}.Release|iPhoneSimulator.ActiveCfg = Release|iPhoneSimulator
		{09F64A6D-6106-45EB-B1DC-2C01DC2D024C}.Release|iPhoneSimulator.Build.0 = Release|iPhoneSimulator
		{09F64A6D-6106-45EB-B1DC-2C01DC2D024C}.Debug|iPhone.ActiveCfg = Debug|iPhone
		{09F64A6D-6106-45EB-B1DC-2C01DC2D024C}.Debug|iPhone.Build.0 = Debug|iPhone
	EndGlobalSection
EndGlobal
